// !$*UTF8*$!
{
	archiveVersion = 1;
	classes = {
	};
	objectVersion = 50;
	objects = {

/* Begin PBXBuildFile section */
		3C006C1925DDA2DA00BCF137 /* AppDelegate.swift in Sources */ = {isa = PBXBuildFile; fileRef = 3C006C1825DDA2DA00BCF137 /* AppDelegate.swift */; };
		3C006C1B25DDA2DA00BCF137 /* SceneDelegate.swift in Sources */ = {isa = PBXBuildFile; fileRef = 3C006C1A25DDA2DA00BCF137 /* SceneDelegate.swift */; };
		3C006C2025DDA2DA00BCF137 /* Main.storyboard in Resources */ = {isa = PBXBuildFile; fileRef = 3C006C1E25DDA2DA00BCF137 /* Main.storyboard */; };
		3C006C2225DDA2DB00BCF137 /* Assets.xcassets in Resources */ = {isa = PBXBuildFile; fileRef = 3C006C2125DDA2DB00BCF137 /* Assets.xcassets */; };
		3C006C2525DDA2DB00BCF137 /* LaunchScreen.storyboard in Resources */ = {isa = PBXBuildFile; fileRef = 3C006C2325DDA2DB00BCF137 /* LaunchScreen.storyboard */; };
		3C006C3025DDA2DB00BCF137 /* Contact_ListTests.swift in Sources */ = {isa = PBXBuildFile; fileRef = 3C006C2F25DDA2DB00BCF137 /* Contact_ListTests.swift */; };
		3C006C3B25DDA2DB00BCF137 /* Contact_ListUITests.swift in Sources */ = {isa = PBXBuildFile; fileRef = 3C006C3A25DDA2DB00BCF137 /* Contact_ListUITests.swift */; };
		3C006C4C25DDA8B900BCF137 /* ContactsViewController.swift in Sources */ = {isa = PBXBuildFile; fileRef = 3C006C4B25DDA8B900BCF137 /* ContactsViewController.swift */; };
		3C006C5125DDA8D700BCF137 /* SettingsViewController.swift in Sources */ = {isa = PBXBuildFile; fileRef = 3C006C5025DDA8D700BCF137 /* SettingsViewController.swift */; };
		3C006C5625DDA8E400BCF137 /* MapViewController.swift in Sources */ = {isa = PBXBuildFile; fileRef = 3C006C5525DDA8E400BCF137 /* MapViewController.swift */; };
/* End PBXBuildFile section */

/* Begin PBXContainerItemProxy section */
		3C006C2C25DDA2DB00BCF137 /* PBXContainerItemProxy */ = {
			isa = PBXContainerItemProxy;
			containerPortal = 3C006C0D25DDA2DA00BCF137 /* Project object */;
			proxyType = 1;
			remoteGlobalIDString = 3C006C1425DDA2DA00BCF137;
			remoteInfo = "Contact List";
		};
		3C006C3725DDA2DB00BCF137 /* PBXContainerItemProxy */ = {
			isa = PBXContainerItemProxy;
			containerPortal = 3C006C0D25DDA2DA00BCF137 /* Project object */;
			proxyType = 1;
			remoteGlobalIDString = 3C006C1425DDA2DA00BCF137;
			remoteInfo = "Contact List";
		};
/* End PBXContainerItemProxy section */

/* Begin PBXFileReference section */
		3C006C1525DDA2DA00BCF137 /* Contact List.app */ = {isa = PBXFileReference; explicitFileType = wrapper.application; includeInIndex = 0; path = "Contact List.app"; sourceTree = BUILT_PRODUCTS_DIR; };
		3C006C1825DDA2DA00BCF137 /* AppDelegate.swift */ = {isa = PBXFileReference; lastKnownFileType = sourcecode.swift; path = AppDelegate.swift; sourceTree = "<group>"; };
		3C006C1A25DDA2DA00BCF137 /* SceneDelegate.swift */ = {isa = PBXFileReference; lastKnownFileType = sourcecode.swift; path = SceneDelegate.swift; sourceTree = "<group>"; };
		3C006C1F25DDA2DA00BCF137 /* Base */ = {isa = PBXFileReference; lastKnownFileType = file.storyboard; name = Base; path = Base.lproj/Main.storyboard; sourceTree = "<group>"; };
		3C006C2125DDA2DB00BCF137 /* Assets.xcassets */ = {isa = PBXFileReference; lastKnownFileType = folder.assetcatalog; path = Assets.xcassets; sourceTree = "<group>"; };
		3C006C2425DDA2DB00BCF137 /* Base */ = {isa = PBXFileReference; lastKnownFileType = file.storyboard; name = Base; path = Base.lproj/LaunchScreen.storyboard; sourceTree = "<group>"; };
		3C006C2625DDA2DB00BCF137 /* Info.plist */ = {isa = PBXFileReference; lastKnownFileType = text.plist.xml; path = Info.plist; sourceTree = "<group>"; };
		3C006C2B25DDA2DB00BCF137 /* Contact ListTests.xctest */ = {isa = PBXFileReference; explicitFileType = wrapper.cfbundle; includeInIndex = 0; path = "Contact ListTests.xctest"; sourceTree = BUILT_PRODUCTS_DIR; };
		3C006C2F25DDA2DB00BCF137 /* Contact_ListTests.swift */ = {isa = PBXFileReference; lastKnownFileType = sourcecode.swift; path = Contact_ListTests.swift; sourceTree = "<group>"; };
		3C006C3125DDA2DB00BCF137 /* Info.plist */ = {isa = PBXFileReference; lastKnownFileType = text.plist.xml; path = Info.plist; sourceTree = "<group>"; };
		3C006C3625DDA2DB00BCF137 /* Contact ListUITests.xctest */ = {isa = PBXFileReference; explicitFileType = wrapper.cfbundle; includeInIndex = 0; path = "Contact ListUITests.xctest"; sourceTree = BUILT_PRODUCTS_DIR; };
		3C006C3A25DDA2DB00BCF137 /* Contact_ListUITests.swift */ = {isa = PBXFileReference; lastKnownFileType = sourcecode.swift; path = Contact_ListUITests.swift; sourceTree = "<group>"; };
		3C006C3C25DDA2DB00BCF137 /* Info.plist */ = {isa = PBXFileReference; lastKnownFileType = text.plist.xml; path = Info.plist; sourceTree = "<group>"; };
		3C006C4B25DDA8B900BCF137 /* ContactsViewController.swift */ = {isa = PBXFileReference; lastKnownFileType = sourcecode.swift; path = ContactsViewController.swift; sourceTree = "<group>"; };
		3C006C5025DDA8D700BCF137 /* SettingsViewController.swift */ = {isa = PBXFileReference; lastKnownFileType = sourcecode.swift; path = SettingsViewController.swift; sourceTree = "<group>"; };
		3C006C5525DDA8E400BCF137 /* MapViewController.swift */ = {isa = PBXFileReference; lastKnownFileType = sourcecode.swift; path = MapViewController.swift; sourceTree = "<group>"; };
/* End PBXFileReference section */

/* Begin PBXFrameworksBuildPhase section */
		3C006C1225DDA2DA00BCF137 /* Frameworks */ = {
			isa = PBXFrameworksBuildPhase;
			buildActionMask = 2147483647;
			files = (
			);
			runOnlyForDeploymentPostprocessing = 0;
		};
		3C006C2825DDA2DB00BCF137 /* Frameworks */ = {
			isa = PBXFrameworksBuildPhase;
			buildActionMask = 2147483647;
			files = (
			);
			runOnlyForDeploymentPostprocessing = 0;
		};
		3C006C3325DDA2DB00BCF137 /* Frameworks */ = {
			isa = PBXFrameworksBuildPhase;
			buildActionMask = 2147483647;
			files = (
			);
			runOnlyForDeploymentPostprocessing = 0;
		};
/* End PBXFrameworksBuildPhase section */

/* Begin PBXGroup section */
		3C006C0C25DDA2DA00BCF137 = {
			isa = PBXGroup;
			children = (
				3C006C1725DDA2DA00BCF137 /* Contact List */,
				3C006C2E25DDA2DB00BCF137 /* Contact ListTests */,
				3C006C3925DDA2DB00BCF137 /* Contact ListUITests */,
				3C006C1625DDA2DA00BCF137 /* Products */,
			);
			sourceTree = "<group>";
		};
		3C006C1625DDA2DA00BCF137 /* Products */ = {
			isa = PBXGroup;
			children = (
				3C006C1525DDA2DA00BCF137 /* Contact List.app */,
				3C006C2B25DDA2DB00BCF137 /* Contact ListTests.xctest */,
				3C006C3625DDA2DB00BCF137 /* Contact ListUITests.xctest */,
			);
			name = Products;
			sourceTree = "<group>";
		};
		3C006C1725DDA2DA00BCF137 /* Contact List */ = {
			isa = PBXGroup;
			children = (
				3C006C1825DDA2DA00BCF137 /* AppDelegate.swift */,
				3C006C1A25DDA2DA00BCF137 /* SceneDelegate.swift */,
				3C006C1E25DDA2DA00BCF137 /* Main.storyboard */,
				3C006C2125DDA2DB00BCF137 /* Assets.xcassets */,
				3C006C2325DDA2DB00BCF137 /* LaunchScreen.storyboard */,
				3C006C2625DDA2DB00BCF137 /* Info.plist */,
				3C006C4B25DDA8B900BCF137 /* ContactsViewController.swift */,
				3C006C5025DDA8D700BCF137 /* SettingsViewController.swift */,
				3C006C5525DDA8E400BCF137 /* MapViewController.swift */,
			);
			path = "Contact List";
			sourceTree = "<group>";
		};
		3C006C2E25DDA2DB00BCF137 /* Contact ListTests */ = {
			isa = PBXGroup;
			children = (
				3C006C2F25DDA2DB00BCF137 /* Contact_ListTests.swift */,
				3C006C3125DDA2DB00BCF137 /* Info.plist */,
			);
			path = "Contact ListTests";
			sourceTree = "<group>";
		};
		3C006C3925DDA2DB00BCF137 /* Contact ListUITests */ = {
			isa = PBXGroup;
			children = (
				3C006C3A25DDA2DB00BCF137 /* Contact_ListUITests.swift */,
				3C006C3C25DDA2DB00BCF137 /* Info.plist */,
			);
			path = "Contact ListUITests";
			sourceTree = "<group>";
		};
/* End PBXGroup section */

/* Begin PBXNativeTarget section */
		3C006C1425DDA2DA00BCF137 /* Contact List */ = {
			isa = PBXNativeTarget;
			buildConfigurationList = 3C006C3F25DDA2DB00BCF137 /* Build configuration list for PBXNativeTarget "Contact List" */;
			buildPhases = (
				3C006C1125DDA2DA00BCF137 /* Sources */,
				3C006C1225DDA2DA00BCF137 /* Frameworks */,
				3C006C1325DDA2DA00BCF137 /* Resources */,
			);
			buildRules = (
			);
			dependencies = (
			);
			name = "Contact List";
			productName = "Contact List";
			productReference = 3C006C1525DDA2DA00BCF137 /* Contact List.app */;
			productType = "com.apple.product-type.application";
		};
		3C006C2A25DDA2DB00BCF137 /* Contact ListTests */ = {
			isa = PBXNativeTarget;
			buildConfigurationList = 3C006C4225DDA2DB00BCF137 /* Build configuration list for PBXNativeTarget "Contact ListTests" */;
			buildPhases = (
				3C006C2725DDA2DB00BCF137 /* Sources */,
				3C006C2825DDA2DB00BCF137 /* Frameworks */,
				3C006C2925DDA2DB00BCF137 /* Resources */,
			);
			buildRules = (
			);
			dependencies = (
				3C006C2D25DDA2DB00BCF137 /* PBXTargetDependency */,
			);
			name = "Contact ListTests";
			productName = "Contact ListTests";
			productReference = 3C006C2B25DDA2DB00BCF137 /* Contact ListTests.xctest */;
			productType = "com.apple.product-type.bundle.unit-test";
		};
		3C006C3525DDA2DB00BCF137 /* Contact ListUITests */ = {
			isa = PBXNativeTarget;
			buildConfigurationList = 3C006C4525DDA2DB00BCF137 /* Build configuration list for PBXNativeTarget "Contact ListUITests" */;
			buildPhases = (
				3C006C3225DDA2DB00BCF137 /* Sources */,
				3C006C3325DDA2DB00BCF137 /* Frameworks */,
				3C006C3425DDA2DB00BCF137 /* Resources */,
			);
			buildRules = (
			);
			dependencies = (
				3C006C3825DDA2DB00BCF137 /* PBXTargetDependency */,
			);
			name = "Contact ListUITests";
			productName = "Contact ListUITests";
			productReference = 3C006C3625DDA2DB00BCF137 /* Contact ListUITests.xctest */;
			productType = "com.apple.product-type.bundle.ui-testing";
		};
/* End PBXNativeTarget section */

/* Begin PBXProject section */
		3C006C0D25DDA2DA00BCF137 /* Project object */ = {
			isa = PBXProject;
			attributes = {
				LastSwiftUpdateCheck = 1240;
				LastUpgradeCheck = 1240;
				TargetAttributes = {
					3C006C1425DDA2DA00BCF137 = {
						CreatedOnToolsVersion = 12.4;
					};
					3C006C2A25DDA2DB00BCF137 = {
						CreatedOnToolsVersion = 12.4;
						TestTargetID = 3C006C1425DDA2DA00BCF137;
					};
					3C006C3525DDA2DB00BCF137 = {
						CreatedOnToolsVersion = 12.4;
						TestTargetID = 3C006C1425DDA2DA00BCF137;
					};
				};
			};
			buildConfigurationList = 3C006C1025DDA2DA00BCF137 /* Build configuration list for PBXProject "Contact List" */;
			compatibilityVersion = "Xcode 9.3";
			developmentRegion = en;
			hasScannedForEncodings = 0;
			knownRegions = (
				en,
				Base,
			);
			mainGroup = 3C006C0C25DDA2DA00BCF137;
			productRefGroup = 3C006C1625DDA2DA00BCF137 /* Products */;
			projectDirPath = "";
			projectRoot = "";
			targets = (
				3C006C1425DDA2DA00BCF137 /* Contact List */,
				3C006C2A25DDA2DB00BCF137 /* Contact ListTests */,
				3C006C3525DDA2DB00BCF137 /* Contact ListUITests */,
			);
		};
/* End PBXProject section */

/* Begin PBXResourcesBuildPhase section */
		3C006C1325DDA2DA00BCF137 /* Resources */ = {
			isa = PBXResourcesBuildPhase;
			buildActionMask = 2147483647;
			files = (
				3C006C2525DDA2DB00BCF137 /* LaunchScreen.storyboard in Resources */,
				3C006C2225DDA2DB00BCF137 /* Assets.xcassets in Resources */,
				3C006C2025DDA2DA00BCF137 /* Main.storyboard in Resources */,
			);
			runOnlyForDeploymentPostprocessing = 0;
		};
		3C006C2925DDA2DB00BCF137 /* Resources */ = {
			isa = PBXResourcesBuildPhase;
			buildActionMask = 2147483647;
			files = (
			);
			runOnlyForDeploymentPostprocessing = 0;
		};
		3C006C3425DDA2DB00BCF137 /* Resources */ = {
			isa = PBXResourcesBuildPhase;
			buildActionMask = 2147483647;
			files = (
			);
			runOnlyForDeploymentPostprocessing = 0;
		};
/* End PBXResourcesBuildPhase section */

/* Begin PBXSourcesBuildPhase section */
		3C006C1125DDA2DA00BCF137 /* Sources */ = {
			isa = PBXSourcesBuildPhase;
			buildActionMask = 2147483647;
			files = (
				3C006C5625DDA8E400BCF137 /* MapViewController.swift in Sources */,
				3C006C4C25DDA8B900BCF137 /* ContactsViewController.swift in Sources */,
				3C006C1925DDA2DA00BCF137 /* AppDelegate.swift in Sources */,
				3C006C5125DDA8D700BCF137 /* SettingsViewController.swift in Sources */,
				3C006C1B25DDA2DA00BCF137 /* SceneDelegate.swift in Sources */,
			);
			runOnlyForDeploymentPostprocessing = 0;
		};
		3C006C2725DDA2DB00BCF137 /* Sources */ = {
			isa = PBXSourcesBuildPhase;
			buildActionMask = 2147483647;
			files = (
				3C006C3025DDA2DB00BCF137 /* Contact_ListTests.swift in Sources */,
			);
			runOnlyForDeploymentPostprocessing = 0;
		};
		3C006C3225DDA2DB00BCF137 /* Sources */ = {
			isa = PBXSourcesBuildPhase;
			buildActionMask = 2147483647;
			files = (
				3C006C3B25DDA2DB00BCF137 /* Contact_ListUITests.swift in Sources */,
			);
			runOnlyForDeploymentPostprocessing = 0;
		};
/* End PBXSourcesBuildPhase section */

/* Begin PBXTargetDependency section */
		3C006C2D25DDA2DB00BCF137 /* PBXTargetDependency */ = {
			isa = PBXTargetDependency;
			target = 3C006C1425DDA2DA00BCF137 /* Contact List */;
			targetProxy = 3C006C2C25DDA2DB00BCF137 /* PBXContainerItemProxy */;
		};
		3C006C3825DDA2DB00BCF137 /* PBXTargetDependency */ = {
			isa = PBXTargetDependency;
			target = 3C006C1425DDA2DA00BCF137 /* Contact List */;
			targetProxy = 3C006C3725DDA2DB00BCF137 /* PBXContainerItemProxy */;
		};
/* End PBXTargetDependency section */

/* Begin PBXVariantGroup section */
		3C006C1E25DDA2DA00BCF137 /* Main.storyboard */ = {
			isa = PBXVariantGroup;
			children = (
				3C006C1F25DDA2DA00BCF137 /* Base */,
			);
			name = Main.storyboard;
			sourceTree = "<group>";
		};
		3C006C2325DDA2DB00BCF137 /* LaunchScreen.storyboard */ = {
			isa = PBXVariantGroup;
			children = (
				3C006C2425DDA2DB00BCF137 /* Base */,
			);
			name = LaunchScreen.storyboard;
			sourceTree = "<group>";
		};
/* End PBXVariantGroup section */

/* Begin XCBuildConfiguration section */
		3C006C3D25DDA2DB00BCF137 /* Debug */ = {
			isa = XCBuildConfiguration;
			buildSettings = {
				ALWAYS_SEARCH_USER_PATHS = NO;
				CLANG_ANALYZER_NONNULL = YES;
				CLANG_ANALYZER_NUMBER_OBJECT_CONVERSION = YES_AGGRESSIVE;
				CLANG_CXX_LANGUAGE_STANDARD = "gnu++14";
				CLANG_CXX_LIBRARY = "libc++";
				CLANG_ENABLE_MODULES = YES;
				CLANG_ENABLE_OBJC_ARC = YES;
				CLANG_ENABLE_OBJC_WEAK = YES;
				CLANG_WARN_BLOCK_CAPTURE_AUTORELEASING = YES;
				CLANG_WARN_BOOL_CONVERSION = YES;
				CLANG_WARN_COMMA = YES;
				CLANG_WARN_CONSTANT_CONVERSION = YES;
				CLANG_WARN_DEPRECATED_OBJC_IMPLEMENTATIONS = YES;
				CLANG_WARN_DIRECT_OBJC_ISA_USAGE = YES_ERROR;
				CLANG_WARN_DOCUMENTATION_COMMENTS = YES;
				CLANG_WARN_EMPTY_BODY = YES;
				CLANG_WARN_ENUM_CONVERSION = YES;
				CLANG_WARN_INFINITE_RECURSION = YES;
				CLANG_WARN_INT_CONVERSION = YES;
				CLANG_WARN_NON_LITERAL_NULL_CONVERSION = YES;
				CLANG_WARN_OBJC_IMPLICIT_RETAIN_SELF = YES;
				CLANG_WARN_OBJC_LITERAL_CONVERSION = YES;
				CLANG_WARN_OBJC_ROOT_CLASS = YES_ERROR;
				CLANG_WARN_QUOTED_INCLUDE_IN_FRAMEWORK_HEADER = YES;
				CLANG_WARN_RANGE_LOOP_ANALYSIS = YES;
				CLANG_WARN_STRICT_PROTOTYPES = YES;
				CLANG_WARN_SUSPICIOUS_MOVE = YES;
				CLANG_WARN_UNGUARDED_AVAILABILITY = YES_AGGRESSIVE;
				CLANG_WARN_UNREACHABLE_CODE = YES;
				CLANG_WARN__DUPLICATE_METHOD_MATCH = YES;
				COPY_PHASE_STRIP = NO;
				DEBUG_INFORMATION_FORMAT = dwarf;
				ENABLE_STRICT_OBJC_MSGSEND = YES;
				ENABLE_TESTABILITY = YES;
				GCC_C_LANGUAGE_STANDARD = gnu11;
				GCC_DYNAMIC_NO_PIC = NO;
				GCC_NO_COMMON_BLOCKS = YES;
				GCC_OPTIMIZATION_LEVEL = 0;
				GCC_PREPROCESSOR_DEFINITIONS = (
					"DEBUG=1",
					"$(inherited)",
				);
				GCC_WARN_64_TO_32_BIT_CONVERSION = YES;
				GCC_WARN_ABOUT_RETURN_TYPE = YES_ERROR;
				GCC_WARN_UNDECLARED_SELECTOR = YES;
				GCC_WARN_UNINITIALIZED_AUTOS = YES_AGGRESSIVE;
				GCC_WARN_UNUSED_FUNCTION = YES;
				GCC_WARN_UNUSED_VARIABLE = YES;
				IPHONEOS_DEPLOYMENT_TARGET = 14.4;
				MTL_ENABLE_DEBUG_INFO = INCLUDE_SOURCE;
				MTL_FAST_MATH = YES;
				ONLY_ACTIVE_ARCH = YES;
				SDKROOT = iphoneos;
				SWIFT_ACTIVE_COMPILATION_CONDITIONS = DEBUG;
				SWIFT_OPTIMIZATION_LEVEL = "-Onone";
			};
			name = Debug;
		};
		3C006C3E25DDA2DB00BCF137 /* Release */ = {
			isa = XCBuildConfiguration;
			buildSettings = {
				ALWAYS_SEARCH_USER_PATHS = NO;
				CLANG_ANALYZER_NONNULL = YES;
				CLANG_ANALYZER_NUMBER_OBJECT_CONVERSION = YES_AGGRESSIVE;
				CLANG_CXX_LANGUAGE_STANDARD = "gnu++14";
				CLANG_CXX_LIBRARY = "libc++";
				CLANG_ENABLE_MODULES = YES;
				CLANG_ENABLE_OBJC_ARC = YES;
				CLANG_ENABLE_OBJC_WEAK = YES;
				CLANG_WARN_BLOCK_CAPTURE_AUTORELEASING = YES;
				CLANG_WARN_BOOL_CONVERSION = YES;
				CLANG_WARN_COMMA = YES;
				CLANG_WARN_CONSTANT_CONVERSION = YES;
				CLANG_WARN_DEPRECATED_OBJC_IMPLEMENTATIONS = YES;
				CLANG_WARN_DIRECT_OBJC_ISA_USAGE = YES_ERROR;
				CLANG_WARN_DOCUMENTATION_COMMENTS = YES;
				CLANG_WARN_EMPTY_BODY = YES;
				CLANG_WARN_ENUM_CONVERSION = YES;
				CLANG_WARN_INFINITE_RECURSION = YES;
				CLANG_WARN_INT_CONVERSION = YES;
				CLANG_WARN_NON_LITERAL_NULL_CONVERSION = YES;
				CLANG_WARN_OBJC_IMPLICIT_RETAIN_SELF = YES;
				CLANG_WARN_OBJC_LITERAL_CONVERSION = YES;
				CLANG_WARN_OBJC_ROOT_CLASS = YES_ERROR;
				CLANG_WARN_QUOTED_INCLUDE_IN_FRAMEWORK_HEADER = YES;
				CLANG_WARN_RANGE_LOOP_ANALYSIS = YES;
				CLANG_WARN_STRICT_PROTOTYPES = YES;
				CLANG_WARN_SUSPICIOUS_MOVE = YES;
				CLANG_WARN_UNGUARDED_AVAILABILITY = YES_AGGRESSIVE;
				CLANG_WARN_UNREACHABLE_CODE = YES;
				CLANG_WARN__DUPLICATE_METHOD_MATCH = YES;
				COPY_PHASE_STRIP = NO;
				DEBUG_INFORMATION_FORMAT = "dwarf-with-dsym";
				ENABLE_NS_ASSERTIONS = NO;
				ENABLE_STRICT_OBJC_MSGSEND = YES;
				GCC_C_LANGUAGE_STANDARD = gnu11;
				GCC_NO_COMMON_BLOCKS = YES;
				GCC_WARN_64_TO_32_BIT_CONVERSION = YES;
				GCC_WARN_ABOUT_RETURN_TYPE = YES_ERROR;
				GCC_WARN_UNDECLARED_SELECTOR = YES;
				GCC_WARN_UNINITIALIZED_AUTOS = YES_AGGRESSIVE;
				GCC_WARN_UNUSED_FUNCTION = YES;
				GCC_WARN_UNUSED_VARIABLE = YES;
				IPHONEOS_DEPLOYMENT_TARGET = 14.4;
				MTL_ENABLE_DEBUG_INFO = NO;
				MTL_FAST_MATH = YES;
				SDKROOT = iphoneos;
				SWIFT_COMPILATION_MODE = wholemodule;
				SWIFT_OPTIMIZATION_LEVEL = "-O";
				VALIDATE_PRODUCT = YES;
			};
			name = Release;
		};
		3C006C4025DDA2DB00BCF137 /* Debug */ = {
			isa = XCBuildConfiguration;
			buildSettings = {
				ASSETCATALOG_COMPILER_APPICON_NAME = AppIcon;
				ASSETCATALOG_COMPILER_GLOBAL_ACCENT_COLOR_NAME = AccentColor;
				CODE_SIGN_STYLE = Automatic;
				INFOPLIST_FILE = "Contact List/Info.plist";
				LD_RUNPATH_SEARCH_PATHS = (
					"$(inherited)",
					"@executable_path/Frameworks",
				);
				PRODUCT_BUNDLE_IDENTIFIER = "CalebGill.Contact-List";
				PRODUCT_NAME = "$(TARGET_NAME)";
				SWIFT_VERSION = 5.0;
				TARGETED_DEVICE_FAMILY = "1,2";
			};
			name = Debug;
		};
		3C006C4125DDA2DB00BCF137 /* Release */ = {
			isa = XCBuildConfiguration;
			buildSettings = {
				ASSETCATALOG_COMPILER_APPICON_NAME = AppIcon;
				ASSETCATALOG_COMPILER_GLOBAL_ACCENT_COLOR_NAME = AccentColor;
				CODE_SIGN_STYLE = Automatic;
				INFOPLIST_FILE = "Contact List/Info.plist";
				LD_RUNPATH_SEARCH_PATHS = (
					"$(inherited)",
					"@executable_path/Frameworks",
				);
				PRODUCT_BUNDLE_IDENTIFIER = "CalebGill.Contact-List";
				PRODUCT_NAME = "$(TARGET_NAME)";
				SWIFT_VERSION = 5.0;
				TARGETED_DEVICE_FAMILY = "1,2";
			};
			name = Release;
		};
		3C006C4325DDA2DB00BCF137 /* Debug */ = {
			isa = XCBuildConfiguration;
			buildSettings = {
				ALWAYS_EMBED_SWIFT_STANDARD_LIBRARIES = YES;
				BUNDLE_LOADER = "$(TEST_HOST)";
				CODE_SIGN_STYLE = Automatic;
				INFOPLIST_FILE = "Contact ListTests/Info.plist";
				IPHONEOS_DEPLOYMENT_TARGET = 14.4;
				LD_RUNPATH_SEARCH_PATHS = (
					"$(inherited)",
					"@executable_path/Frameworks",
					"@loader_path/Frameworks",
				);
				PRODUCT_BUNDLE_IDENTIFIER = "CalebGill.Contact-ListTests";
				PRODUCT_NAME = "$(TARGET_NAME)";
				SWIFT_VERSION = 5.0;
				TARGETED_DEVICE_FAMILY = "1,2";
				TEST_HOST = "$(BUILT_PRODUCTS_DIR)/Contact List.app/Contact List";
			};
			name = Debug;
		};
		3C006C4425DDA2DB00BCF137 /* Release */ = {
			isa = XCBuildConfiguration;
			buildSettings = {
				ALWAYS_EMBED_SWIFT_STANDARD_LIBRARIES = YES;
				BUNDLE_LOADER = "$(TEST_HOST)";
				CODE_SIGN_STYLE = Automatic;
				INFOPLIST_FILE = "Contact ListTests/Info.plist";
				IPHONEOS_DEPLOYMENT_TARGET = 14.4;
				LD_RUNPATH_SEARCH_PATHS = (
					"$(inherited)",
					"@executable_path/Frameworks",
					"@loader_path/Frameworks",
				);
				PRODUCT_BUNDLE_IDENTIFIER = "CalebGill.Contact-ListTests";
				PRODUCT_NAME = "$(TARGET_NAME)";
				SWIFT_VERSION = 5.0;
				TARGETED_DEVICE_FAMILY = "1,2";
				TEST_HOST = "$(BUILT_PRODUCTS_DIR)/Contact List.app/Contact List";
			};
			name = Release;
		};
		3C006C4625DDA2DB00BCF137 /* Debug */ = {
			isa = XCBuildConfiguration;
			buildSettings = {
				ALWAYS_EMBED_SWIFT_STANDARD_LIBRARIES = YES;
				CODE_SIGN_STYLE = Automatic;
				INFOPLIST_FILE = "Contact ListUITests/Info.plist";
				LD_RUNPATH_SEARCH_PATHS = (
					"$(inherited)",
					"@executable_path/Frameworks",
					"@loader_path/Frameworks",
				);
				PRODUCT_BUNDLE_IDENTIFIER = "CalebGill.Contact-ListUITests";
				PRODUCT_NAME = "$(TARGET_NAME)";
				SWIFT_VERSION = 5.0;
				TARGETED_DEVICE_FAMILY = "1,2";
				TEST_TARGET_NAME = "Contact List";
			};
			name = Debug;
		};
		3C006C4725DDA2DB00BCF137 /* Release */ = {
			isa = XCBuildConfiguration;
			buildSettings = {
				ALWAYS_EMBED_SWIFT_STANDARD_LIBRARIES = YES;
				CODE_SIGN_STYLE = Automatic;
				INFOPLIST_FILE = "Contact ListUITests/Info.plist";
				LD_RUNPATH_SEARCH_PATHS = (
					"$(inherited)",
					"@executable_path/Frameworks",
					"@loader_path/Frameworks",
				);
				PRODUCT_BUNDLE_IDENTIFIER = "CalebGill.Contact-ListUITests";
				PRODUCT_NAME = "$(TARGET_NAME)";
				SWIFT_VERSION = 5.0;
				TARGETED_DEVICE_FAMILY = "1,2";
				TEST_TARGET_NAME = "Contact List";
			};
			name = Release;
		};
/* End XCBuildConfiguration section */

/* Begin XCConfigurationList section */
		3C006C1025DDA2DA00BCF137 /* Build configuration list for PBXProject "Contact List" */ = {
			isa = XCConfigurationList;
			buildConfigurations = (
				3C006C3D25DDA2DB00BCF137 /* Debug */,
				3C006C3E25DDA2DB00BCF137 /* Release */,
			);
			defaultConfigurationIsVisible = 0;
			defaultConfigurationName = Release;
		};
		3C006C3F25DDA2DB00BCF137 /* Build configuration list for PBXNativeTarget "Contact List" */ = {
			isa = XCConfigurationList;
			buildConfigurations = (
				3C006C4025DDA2DB00BCF137 /* Debug */,
				3C006C4125DDA2DB00BCF137 /* Release */,
			);
			defaultConfigurationIsVisible = 0;
			defaultConfigurationName = Release;
		};
		3C006C4225DDA2DB00BCF137 /* Build configuration list for PBXNativeTarget "Contact ListTests" */ = {
			isa = XCConfigurationList;
			buildConfigurations = (
				3C006C4325DDA2DB00BCF137 /* Debug */,
				3C006C4425DDA2DB00BCF137 /* Release */,
			);
			defaultConfigurationIsVisible = 0;
			defaultConfigurationName = Release;
		};
		3C006C4525DDA2DB00BCF137 /* Build configuration list for PBXNativeTarget "Contact ListUITests" */ = {
			isa = XCConfigurationList;
			buildConfigurations = (
				3C006C4625DDA2DB00BCF137 /* Debug */,
				3C006C4725DDA2DB00BCF137 /* Release */,
			);
			defaultConfigurationIsVisible = 0;
			defaultConfigurationName = Release;
		};
/* End XCConfigurationList section */
	};
	rootObject = 3C006C0D25DDA2DA00BCF137 /* Project object */;
}
